
Microsoft Visual Studio Solution File, Format Version 12.00
# Visual Studio Version 16
VisualStudioVersion = 16.0.29911.84
MinimumVisualStudioVersion = 10.0.40219.1
Project("{9A19103F-16F7-4668-BE54-9A1E7A4F7556}") = "ShoesStoreApi", "ShoesStoreApi.csproj", "{B34319A1-9300-4A74-AA0B-74D2D85EE567}"
EndProject
Global
	GlobalSection(SolutionConfigurationPlatforms) = preSolution
		Debug|Any CPU = Debug|Any CPU
		Release|Any CPU = Release|Any CPU
	EndGlobalSection
	GlobalSection(ProjectConfigurationPlatforms) = postSolution
		{B34319A1-9300-4A74-AA0B-74D2D85EE567}.Debug|Any CPU.ActiveCfg = Debug|Any CPU
		{B34319A1-9300-4A74-AA0B-74D2D85EE567}.Debug|Any CPU.Build.0 = Debug|Any CPU
		{B34319A1-9300-4A74-AA0B-74D2D85EE567}.Release|Any CPU.ActiveCfg = Release|Any CPU
		{B34319A1-9300-4A74-AA0B-74D2D85EE567}.Release|Any CPU.Build.0 = Release|Any CPU
	EndGlobalSection
	GlobalSection(SolutionProperties) = preSolution
		HideSolutionNode = FALSE
	EndGlobalSection
	GlobalSection(ExtensibilityGlobals) = postSolution
		SolutionGuid = {22FE116D-B3FD-4555-8206-90F212EEC378}
	EndGlobalSection
EndGlobal
